
Microsoft Visual Studio Solution File, Format Version 12.00
# Visual Studio Version 17
VisualStudioVersion = 17.0.31903.59
MinimumVisualStudioVersion = 10.0.40219.1
Project("{2150E333-8FDC-42A3-9474-1A3956D46DE8}") = "src", "src", "{827E0CD3-B72D-47B6-A68D-7590B98EB39B}"
EndProject
Project("{FAE04EC0-301F-11D3-BF4B-00C04F79EFBC}") = "Snackbox.Api", "src\Snackbox.Api\Snackbox.Api.csproj", "{393F0535-DB3E-4959-9A77-B55B14F28435}"
EndProject
Project("{FAE04EC0-301F-11D3-BF4B-00C04F79EFBC}") = "Snackbox.Web", "src\Snackbox.Web\Snackbox.Web.csproj", "{E37600DB-707C-4194-A44C-B8D47F719D7C}"
EndProject
Project("{FAE04EC0-301F-11D3-BF4B-00C04F79EFBC}") = "Snackbox.AppHost", "src\Snackbox.AppHost\Snackbox.AppHost.csproj", "{FCB04599-F2CE-4406-BCC8-3AB34534C3D1}"
EndProject
Project("{FAE04EC0-301F-11D3-BF4B-00C04F79EFBC}") = "Snackbox.ServiceDefaults", "src\Snackbox.ServiceDefaults\Snackbox.ServiceDefaults.csproj", "{32ACEE75-0E9B-4C23-9DAE-9CB2712B5199}"
EndProject
Project("{FAE04EC0-301F-11D3-BF4B-00C04F79EFBC}") = "Snackbox.BlazorServer", "src\Snackbox.BlazorServer\Snackbox.BlazorServer.csproj", "{32A92619-77D6-46AF-B013-1945B63480B9}"
EndProject
Project("{FAE04EC0-301F-11D3-BF4B-00C04F79EFBC}") = "Snackbox.Components", "src\Snackbox.Components\Snackbox.Components.csproj", "{2BFAF02B-6E6D-4BDF-BC7B-E6BAB7AEC02C}"
EndProject
Project("{FAE04EC0-301F-11D3-BF4B-00C04F79EFBC}") = "Snackbox.Api.Dtos", "src\Snackbox.Api.Dtos\Snackbox.Api.Dtos.csproj", "{8E99FF46-AB57-473D-AE80-5867675A35B6}"
EndProject
Project("{FAE04EC0-301F-11D3-BF4B-00C04F79EFBC}") = "Snackbox.ApiClient", "src\Snackbox.ApiClient\Snackbox.ApiClient.csproj", "{E819FEAD-93C2-41E0-AED9-45B006FBD7B1}"
EndProject
Global
	GlobalSection(SolutionConfigurationPlatforms) = preSolution
		Debug|Any CPU = Debug|Any CPU
		Debug|x64 = Debug|x64
		Debug|x86 = Debug|x86
		Release|Any CPU = Release|Any CPU
		Release|x64 = Release|x64
		Release|x86 = Release|x86
	EndGlobalSection
	GlobalSection(ProjectConfigurationPlatforms) = postSolution
		{393F0535-DB3E-4959-9A77-B55B14F28435}.Debug|Any CPU.ActiveCfg = Debug|Any CPU
		{393F0535-DB3E-4959-9A77-B55B14F28435}.Debug|Any CPU.Build.0 = Debug|Any CPU
		{393F0535-DB3E-4959-9A77-B55B14F28435}.Debug|x64.ActiveCfg = Debug|Any CPU
		{393F0535-DB3E-4959-9A77-B55B14F28435}.Debug|x64.Build.0 = Debug|Any CPU
		{393F0535-DB3E-4959-9A77-B55B14F28435}.Debug|x86.ActiveCfg = Debug|Any CPU
		{393F0535-DB3E-4959-9A77-B55B14F28435}.Debug|x86.Build.0 = Debug|Any CPU
		{393F0535-DB3E-4959-9A77-B55B14F28435}.Release|Any CPU.ActiveCfg = Release|Any CPU
		{393F0535-DB3E-4959-9A77-B55B14F28435}.Release|Any CPU.Build.0 = Release|Any CPU
		{393F0535-DB3E-4959-9A77-B55B14F28435}.Release|x64.ActiveCfg = Release|Any CPU
		{393F0535-DB3E-4959-9A77-B55B14F28435}.Release|x64.Build.0 = Release|Any CPU
		{393F0535-DB3E-4959-9A77-B55B14F28435}.Release|x86.ActiveCfg = Release|Any CPU
		{393F0535-DB3E-4959-9A77-B55B14F28435}.Release|x86.Build.0 = Release|Any CPU
		{E37600DB-707C-4194-A44C-B8D47F719D7C}.Debug|Any CPU.ActiveCfg = Debug|Any CPU
		{E37600DB-707C-4194-A44C-B8D47F719D7C}.Debug|Any CPU.Build.0 = Debug|Any CPU
		{E37600DB-707C-4194-A44C-B8D47F719D7C}.Debug|x64.ActiveCfg = Debug|Any CPU
		{E37600DB-707C-4194-A44C-B8D47F719D7C}.Debug|x64.Build.0 = Debug|Any CPU
		{E37600DB-707C-4194-A44C-B8D47F719D7C}.Debug|x86.ActiveCfg = Debug|Any CPU
		{E37600DB-707C-4194-A44C-B8D47F719D7C}.Debug|x86.Build.0 = Debug|Any CPU
		{E37600DB-707C-4194-A44C-B8D47F719D7C}.Release|Any CPU.ActiveCfg = Release|Any CPU
		{E37600DB-707C-4194-A44C-B8D47F719D7C}.Release|Any CPU.Build.0 = Release|Any CPU
		{E37600DB-707C-4194-A44C-B8D47F719D7C}.Release|x64.ActiveCfg = Release|Any CPU
		{E37600DB-707C-4194-A44C-B8D47F719D7C}.Release|x64.Build.0 = Release|Any CPU
		{E37600DB-707C-4194-A44C-B8D47F719D7C}.Release|x86.ActiveCfg = Release|Any CPU
		{E37600DB-707C-4194-A44C-B8D47F719D7C}.Release|x86.Build.0 = Release|Any CPU
		{FCB04599-F2CE-4406-BCC8-3AB34534C3D1}.Debug|Any CPU.ActiveCfg = Debug|Any CPU
		{FCB04599-F2CE-4406-BCC8-3AB34534C3D1}.Debug|Any CPU.Build.0 = Debug|Any CPU
		{FCB04599-F2CE-4406-BCC8-3AB34534C3D1}.Debug|x64.ActiveCfg = Debug|Any CPU
		{FCB04599-F2CE-4406-BCC8-3AB34534C3D1}.Debug|x64.Build.0 = Debug|Any CPU
		{FCB04599-F2CE-4406-BCC8-3AB34534C3D1}.Debug|x86.ActiveCfg = Debug|Any CPU
		{FCB04599-F2CE-4406-BCC8-3AB34534C3D1}.Debug|x86.Build.0 = Debug|Any CPU
		{FCB04599-F2CE-4406-BCC8-3AB34534C3D1}.Release|Any CPU.ActiveCfg = Release|Any CPU
		{FCB04599-F2CE-4406-BCC8-3AB34534C3D1}.Release|Any CPU.Build.0 = Release|Any CPU
		{FCB04599-F2CE-4406-BCC8-3AB34534C3D1}.Release|x64.ActiveCfg = Release|Any CPU
		{FCB04599-F2CE-4406-BCC8-3AB34534C3D1}.Release|x64.Build.0 = Release|Any CPU
		{FCB04599-F2CE-4406-BCC8-3AB34534C3D1}.Release|x86.ActiveCfg = Release|Any CPU
		{FCB04599-F2CE-4406-BCC8-3AB34534C3D1}.Release|x86.Build.0 = Release|Any CPU
		{32ACEE75-0E9B-4C23-9DAE-9CB2712B5199}.Debug|Any CPU.ActiveCfg = Debug|Any CPU
		{32ACEE75-0E9B-4C23-9DAE-9CB2712B5199}.Debug|Any CPU.Build.0 = Debug|Any CPU
		{32ACEE75-0E9B-4C23-9DAE-9CB2712B5199}.Debug|x64.ActiveCfg = Debug|Any CPU
		{32ACEE75-0E9B-4C23-9DAE-9CB2712B5199}.Debug|x64.Build.0 = Debug|Any CPU
		{32ACEE75-0E9B-4C23-9DAE-9CB2712B5199}.Debug|x86.ActiveCfg = Debug|Any CPU
		{32ACEE75-0E9B-4C23-9DAE-9CB2712B5199}.Debug|x86.Build.0 = Debug|Any CPU
		{32ACEE75-0E9B-4C23-9DAE-9CB2712B5199}.Release|Any CPU.ActiveCfg = Release|Any CPU
		{32ACEE75-0E9B-4C23-9DAE-9CB2712B5199}.Release|Any CPU.Build.0 = Release|Any CPU
		{32ACEE75-0E9B-4C23-9DAE-9CB2712B5199}.Release|x64.ActiveCfg = Release|Any CPU
		{32ACEE75-0E9B-4C23-9DAE-9CB2712B5199}.Release|x64.Build.0 = Release|Any CPU
		{32ACEE75-0E9B-4C23-9DAE-9CB2712B5199}.Release|x86.ActiveCfg = Release|Any CPU
		{32ACEE75-0E9B-4C23-9DAE-9CB2712B5199}.Release|x86.Build.0 = Release|Any CPU
		{32A92619-77D6-46AF-B013-1945B63480B9}.Debug|Any CPU.ActiveCfg = Debug|Any CPU
		{32A92619-77D6-46AF-B013-1945B63480B9}.Debug|Any CPU.Build.0 = Debug|Any CPU
		{32A92619-77D6-46AF-B013-1945B63480B9}.Debug|x64.ActiveCfg = Debug|Any CPU
		{32A92619-77D6-46AF-B013-1945B63480B9}.Debug|x64.Build.0 = Debug|Any CPU
		{32A92619-77D6-46AF-B013-1945B63480B9}.Debug|x86.ActiveCfg = Debug|Any CPU
		{32A92619-77D6-46AF-B013-1945B63480B9}.Debug|x86.Build.0 = Debug|Any CPU
		{32A92619-77D6-46AF-B013-1945B63480B9}.Release|Any CPU.ActiveCfg = Release|Any CPU
		{32A92619-77D6-46AF-B013-1945B63480B9}.Release|Any CPU.Build.0 = Release|Any CPU
		{32A92619-77D6-46AF-B013-1945B63480B9}.Release|x64.ActiveCfg = Release|Any CPU
		{32A92619-77D6-46AF-B013-1945B63480B9}.Release|x64.Build.0 = Release|Any CPU
		{32A92619-77D6-46AF-B013-1945B63480B9}.Release|x86.ActiveCfg = Release|Any CPU
		{32A92619-77D6-46AF-B013-1945B63480B9}.Release|x86.Build.0 = Release|Any CPU
		{2BFAF02B-6E6D-4BDF-BC7B-E6BAB7AEC02C}.Debug|Any CPU.ActiveCfg = Debug|Any CPU
		{2BFAF02B-6E6D-4BDF-BC7B-E6BAB7AEC02C}.Debug|Any CPU.Build.0 = Debug|Any CPU
		{2BFAF02B-6E6D-4BDF-BC7B-E6BAB7AEC02C}.Debug|x64.ActiveCfg = Debug|Any CPU
		{2BFAF02B-6E6D-4BDF-BC7B-E6BAB7AEC02C}.Debug|x64.Build.0 = Debug|Any CPU
		{2BFAF02B-6E6D-4BDF-BC7B-E6BAB7AEC02C}.Debug|x86.ActiveCfg = Debug|Any CPU
		{2BFAF02B-6E6D-4BDF-BC7B-E6BAB7AEC02C}.Debug|x86.Build.0 = Debug|Any CPU
		{2BFAF02B-6E6D-4BDF-BC7B-E6BAB7AEC02C}.Release|Any CPU.ActiveCfg = Release|Any CPU
		{2BFAF02B-6E6D-4BDF-BC7B-E6BAB7AEC02C}.Release|Any CPU.Build.0 = Release|Any CPU
		{2BFAF02B-6E6D-4BDF-BC7B-E6BAB7AEC02C}.Release|x64.ActiveCfg = Release|Any CPU
		{2BFAF02B-6E6D-4BDF-BC7B-E6BAB7AEC02C}.Release|x64.Build.0 = Release|Any CPU
		{2BFAF02B-6E6D-4BDF-BC7B-E6BAB7AEC02C}.Release|x86.ActiveCfg = Release|Any CPU
		{2BFAF02B-6E6D-4BDF-BC7B-E6BAB7AEC02C}.Release|x86.Build.0 = Release|Any CPU
		{8E99FF46-AB57-473D-AE80-5867675A35B6}.Debug|Any CPU.ActiveCfg = Debug|Any CPU
		{8E99FF46-AB57-473D-AE80-5867675A35B6}.Debug|Any CPU.Build.0 = Debug|Any CPU
		{8E99FF46-AB57-473D-AE80-5867675A35B6}.Debug|x64.ActiveCfg = Debug|Any CPU
		{8E99FF46-AB57-473D-AE80-5867675A35B6}.Debug|x64.Build.0 = Debug|Any CPU
		{8E99FF46-AB57-473D-AE80-5867675A35B6}.Debug|x86.ActiveCfg = Debug|Any CPU
		{8E99FF46-AB57-473D-AE80-5867675A35B6}.Debug|x86.Build.0 = Debug|Any CPU
		{8E99FF46-AB57-473D-AE80-5867675A35B6}.Release|Any CPU.ActiveCfg = Release|Any CPU
		{8E99FF46-AB57-473D-AE80-5867675A35B6}.Release|Any CPU.Build.0 = Release|Any CPU
		{8E99FF46-AB57-473D-AE80-5867675A35B6}.Release|x64.ActiveCfg = Release|Any CPU
		{8E99FF46-AB57-473D-AE80-5867675A35B6}.Release|x64.Build.0 = Release|Any CPU
		{8E99FF46-AB57-473D-AE80-5867675A35B6}.Release|x86.ActiveCfg = Release|Any CPU
		{8E99FF46-AB57-473D-AE80-5867675A35B6}.Release|x86.Build.0 = Release|Any CPU
		{E819FEAD-93C2-41E0-AED9-45B006FBD7B1}.Debug|Any CPU.ActiveCfg = Debug|Any CPU
		{E819FEAD-93C2-41E0-AED9-45B006FBD7B1}.Debug|Any CPU.Build.0 = Debug|Any CPU
		{E819FEAD-93C2-41E0-AED9-45B006FBD7B1}.Debug|x64.ActiveCfg = Debug|Any CPU
		{E819FEAD-93C2-41E0-AED9-45B006FBD7B1}.Debug|x64.Build.0 = Debug|Any CPU
		{E819FEAD-93C2-41E0-AED9-45B006FBD7B1}.Debug|x86.ActiveCfg = Debug|Any CPU
		{E819FEAD-93C2-41E0-AED9-45B006FBD7B1}.Debug|x86.Build.0 = Debug|Any CPU
		{E819FEAD-93C2-41E0-AED9-45B006FBD7B1}.Release|Any CPU.ActiveCfg = Release|Any CPU
		{E819FEAD-93C2-41E0-AED9-45B006FBD7B1}.Release|Any CPU.Build.0 = Release|Any CPU
		{E819FEAD-93C2-41E0-AED9-45B006FBD7B1}.Release|x64.ActiveCfg = Release|Any CPU
		{E819FEAD-93C2-41E0-AED9-45B006FBD7B1}.Release|x64.Build.0 = Release|Any CPU
		{E819FEAD-93C2-41E0-AED9-45B006FBD7B1}.Release|x86.ActiveCfg = Release|Any CPU
		{E819FEAD-93C2-41E0-AED9-45B006FBD7B1}.Release|x86.Build.0 = Release|Any CPU
	EndGlobalSection
	GlobalSection(SolutionProperties) = preSolution
		HideSolutionNode = FALSE
	EndGlobalSection
	GlobalSection(NestedProjects) = preSolution
		{393F0535-DB3E-4959-9A77-B55B14F28435} = {827E0CD3-B72D-47B6-A68D-7590B98EB39B}
		{E37600DB-707C-4194-A44C-B8D47F719D7C} = {827E0CD3-B72D-47B6-A68D-7590B98EB39B}
		{FCB04599-F2CE-4406-BCC8-3AB34534C3D1} = {827E0CD3-B72D-47B6-A68D-7590B98EB39B}
		{32ACEE75-0E9B-4C23-9DAE-9CB2712B5199} = {827E0CD3-B72D-47B6-A68D-7590B98EB39B}
		{32A92619-77D6-46AF-B013-1945B63480B9} = {827E0CD3-B72D-47B6-A68D-7590B98EB39B}
		{2BFAF02B-6E6D-4BDF-BC7B-E6BAB7AEC02C} = {827E0CD3-B72D-47B6-A68D-7590B98EB39B}
		{8E99FF46-AB57-473D-AE80-5867675A35B6} = {827E0CD3-B72D-47B6-A68D-7590B98EB39B}
		{E819FEAD-93C2-41E0-AED9-45B006FBD7B1} = {827E0CD3-B72D-47B6-A68D-7590B98EB39B}
	EndGlobalSection
EndGlobal
